// !$*UTF8*$!
{
	archiveVersion = 1;
	classes = {
	};
	objectVersion = 46;
	objects = {

/* Begin PBXBuildFile section */
		DA13204C19DD0489009D8425 /* BGGFirstTutorialScreenViewController.m in Sources */ = {isa = PBXBuildFile; fileRef = DA13204B19DD0489009D8425 /* BGGFirstTutorialScreenViewController.m */; };
		DA3AE22D1A2C47DA00816EB0 /* iAd.framework in Frameworks */ = {isa = PBXBuildFile; fileRef = DA3AE22C1A2C47DA00816EB0 /* iAd.framework */; };
		DA676A2219DB876B0016C5A0 /* IQIrregularView.m in Sources */ = {isa = PBXBuildFile; fileRef = DA676A2119DB876B0016C5A0 /* IQIrregularView.m */; };
		DA676A2E19DB8BCC0016C5A0 /* BGGUtilities.m in Sources */ = {isa = PBXBuildFile; fileRef = DA676A2D19DB8BCC0016C5A0 /* BGGUtilities.m */; };
		DA676A3119DBA78F0016C5A0 /* BGGIrregularButton.m in Sources */ = {isa = PBXBuildFile; fileRef = DA676A3019DBA78F0016C5A0 /* BGGIrregularButton.m */; };
		DA8E2FB519E760FA00CA2BF9 /* Settings.bundle in Resources */ = {isa = PBXBuildFile; fileRef = DA8E2FB419E760FA00CA2BF9 /* Settings.bundle */; };
		DAA37CB319DB80AF00F3707E /* Foundation.framework in Frameworks */ = {isa = PBXBuildFile; fileRef = DAA37CB219DB80AF00F3707E /* Foundation.framework */; };
		DAA37CB519DB80AF00F3707E /* CoreGraphics.framework in Frameworks */ = {isa = PBXBuildFile; fileRef = DAA37CB419DB80AF00F3707E /* CoreGraphics.framework */; };
		DAA37CB719DB80AF00F3707E /* UIKit.framework in Frameworks */ = {isa = PBXBuildFile; fileRef = DAA37CB619DB80AF00F3707E /* UIKit.framework */; };
		DAA37CBD19DB80AF00F3707E /* InfoPlist.strings in Resources */ = {isa = PBXBuildFile; fileRef = DAA37CBB19DB80AF00F3707E /* InfoPlist.strings */; };
		DAA37CBF19DB80AF00F3707E /* main.m in Sources */ = {isa = PBXBuildFile; fileRef = DAA37CBE19DB80AF00F3707E /* main.m */; };
		DAA37CC319DB80AF00F3707E /* BGGAppDelegate.m in Sources */ = {isa = PBXBuildFile; fileRef = DAA37CC219DB80AF00F3707E /* BGGAppDelegate.m */; };
		DAA37CC619DB80AF00F3707E /* Main.storyboard in Resources */ = {isa = PBXBuildFile; fileRef = DAA37CC419DB80AF00F3707E /* Main.storyboard */; };
		DAA37CC919DB80AF00F3707E /* BGGViewController.m in Sources */ = {isa = PBXBuildFile; fileRef = DAA37CC819DB80AF00F3707E /* BGGViewController.m */; };
		DAA37CCB19DB80AF00F3707E /* Images.xcassets in Resources */ = {isa = PBXBuildFile; fileRef = DAA37CCA19DB80AF00F3707E /* Images.xcassets */; };
		DAA37CD219DB80AF00F3707E /* XCTest.framework in Frameworks */ = {isa = PBXBuildFile; fileRef = DAA37CD119DB80AF00F3707E /* XCTest.framework */; };
		DAA37CD319DB80AF00F3707E /* Foundation.framework in Frameworks */ = {isa = PBXBuildFile; fileRef = DAA37CB219DB80AF00F3707E /* Foundation.framework */; };
		DAA37CD419DB80AF00F3707E /* UIKit.framework in Frameworks */ = {isa = PBXBuildFile; fileRef = DAA37CB619DB80AF00F3707E /* UIKit.framework */; };
		DAA37CDC19DB80AF00F3707E /* InfoPlist.strings in Resources */ = {isa = PBXBuildFile; fileRef = DAA37CDA19DB80AF00F3707E /* InfoPlist.strings */; };
		DAA37CDE19DB80AF00F3707E /* ColorthesiaTests.m in Sources */ = {isa = PBXBuildFile; fileRef = DAA37CDD19DB80AF00F3707E /* ColorthesiaTests.m */; };
		DAA37CE819DB81BC00F3707E /* Quicksand-Light.otf in Resources */ = {isa = PBXBuildFile; fileRef = DAA37CE719DB81BC00F3707E /* Quicksand-Light.otf */; };
		DAC97CDE19E19D71000E7330 /* BGGSecondTutorialScreenViewController.m in Sources */ = {isa = PBXBuildFile; fileRef = DAC97CDD19E19D71000E7330 /* BGGSecondTutorialScreenViewController.m */; };
		DAC97CE219E1A09D000E7330 /* BGGGamePlayViewController.m in Sources */ = {isa = PBXBuildFile; fileRef = DAC97CE119E1A09D000E7330 /* BGGGamePlayViewController.m */; };
		DAC97CE719E1CF68000E7330 /* BGGShapeGridViewController.m in Sources */ = {isa = PBXBuildFile; fileRef = DAC97CE519E1CF68000E7330 /* BGGShapeGridViewController.m */; };
		DAC97CF119E21901000E7330 /* BGGShapeCollectionViewCell.m in Sources */ = {isa = PBXBuildFile; fileRef = DAC97CEF19E21901000E7330 /* BGGShapeCollectionViewCell.m */; };
		DAC97CF219E21901000E7330 /* BGGShapeCollectionViewCell.xib in Resources */ = {isa = PBXBuildFile; fileRef = DAC97CF019E21901000E7330 /* BGGShapeCollectionViewCell.xib */; };
		DACFCDEA19E375270047115B /* BGGThirdTutorialScreenViewController.m in Sources */ = {isa = PBXBuildFile; fileRef = DACFCDE919E375270047115B /* BGGThirdTutorialScreenViewController.m */; };
		DACFCDEC19E375950047115B /* Quicksand-Bold.otf in Resources */ = {isa = PBXBuildFile; fileRef = DACFCDEB19E375950047115B /* Quicksand-Bold.otf */; };
		DACFCDF019E431BB0047115B /* BGGApplicationManager.m in Sources */ = {isa = PBXBuildFile; fileRef = DACFCDEF19E431BB0047115B /* BGGApplicationManager.m */; };
		DAD7A70319E60B7000BFE1A9 /* BGGGameBoardViewController.m in Sources */ = {isa = PBXBuildFile; fileRef = DAD7A70219E60B7000BFE1A9 /* BGGGameBoardViewController.m */; };
		DAD7A70A19E6101E00BFE1A9 /* UIColor+Matching.m in Sources */ = {isa = PBXBuildFile; fileRef = DAD7A70919E6101E00BFE1A9 /* UIColor+Matching.m */; };
		DAE5FFA119EA2FEF008212D0 /* BGGFadeSegue.m in Sources */ = {isa = PBXBuildFile; fileRef = DAE5FFA019EA2FEF008212D0 /* BGGFadeSegue.m */; };
/* End PBXBuildFile section */

/* Begin PBXContainerItemProxy section */
		DAA37CD519DB80AF00F3707E /* PBXContainerItemProxy */ = {
			isa = PBXContainerItemProxy;
			containerPortal = DAA37CA719DB80AF00F3707E /* Project object */;
			proxyType = 1;
			remoteGlobalIDString = DAA37CAE19DB80AF00F3707E;
			remoteInfo = Colorthesia;
		};
/* End PBXContainerItemProxy section */

/* Begin PBXFileReference section */
		DA13204A19DD0489009D8425 /* BGGFirstTutorialScreenViewController.h */ = {isa = PBXFileReference; fileEncoding = 4; lastKnownFileType = sourcecode.c.h; path = BGGFirstTutorialScreenViewController.h; sourceTree = "<group>"; };
		DA13204B19DD0489009D8425 /* BGGFirstTutorialScreenViewController.m */ = {isa = PBXFileReference; fileEncoding = 4; lastKnownFileType = sourcecode.c.objc; path = BGGFirstTutorialScreenViewController.m; sourceTree = "<group>"; };
		DA3AE22C1A2C47DA00816EB0 /* iAd.framework */ = {isa = PBXFileReference; lastKnownFileType = wrapper.framework; name = iAd.framework; path = System/Library/Frameworks/iAd.framework; sourceTree = SDKROOT; };
		DA676A2019DB876B0016C5A0 /* IQIrregularView.h */ = {isa = PBXFileReference; fileEncoding = 4; lastKnownFileType = sourcecode.c.h; path = IQIrregularView.h; sourceTree = "<group>"; };
		DA676A2119DB876B0016C5A0 /* IQIrregularView.m */ = {isa = PBXFileReference; fileEncoding = 4; lastKnownFileType = sourcecode.c.objc; path = IQIrregularView.m; sourceTree = "<group>"; };
		DA676A2C19DB8BCC0016C5A0 /* BGGUtilities.h */ = {isa = PBXFileReference; fileEncoding = 4; lastKnownFileType = sourcecode.c.h; path = BGGUtilities.h; sourceTree = "<group>"; };
		DA676A2D19DB8BCC0016C5A0 /* BGGUtilities.m */ = {isa = PBXFileReference; fileEncoding = 4; lastKnownFileType = sourcecode.c.objc; path = BGGUtilities.m; sourceTree = "<group>"; };
		DA676A2F19DBA78F0016C5A0 /* BGGIrregularButton.h */ = {isa = PBXFileReference; fileEncoding = 4; lastKnownFileType = sourcecode.c.h; path = BGGIrregularButton.h; sourceTree = "<group>"; };
		DA676A3019DBA78F0016C5A0 /* BGGIrregularButton.m */ = {isa = PBXFileReference; fileEncoding = 4; lastKnownFileType = sourcecode.c.objc; path = BGGIrregularButton.m; sourceTree = "<group>"; };
		DA8E2FB419E760FA00CA2BF9 /* Settings.bundle */ = {isa = PBXFileReference; lastKnownFileType = "wrapper.plug-in"; path = Settings.bundle; sourceTree = "<group>"; };
		DAA37CAF19DB80AF00F3707E /* Colorthesia.app */ = {isa = PBXFileReference; explicitFileType = wrapper.application; includeInIndex = 0; path = Colorthesia.app; sourceTree = BUILT_PRODUCTS_DIR; };
		DAA37CB219DB80AF00F3707E /* Foundation.framework */ = {isa = PBXFileReference; lastKnownFileType = wrapper.framework; name = Foundation.framework; path = System/Library/Frameworks/Foundation.framework; sourceTree = SDKROOT; };
		DAA37CB419DB80AF00F3707E /* CoreGraphics.framework */ = {isa = PBXFileReference; lastKnownFileType = wrapper.framework; name = CoreGraphics.framework; path = System/Library/Frameworks/CoreGraphics.framework; sourceTree = SDKROOT; };
		DAA37CB619DB80AF00F3707E /* UIKit.framework */ = {isa = PBXFileReference; lastKnownFileType = wrapper.framework; name = UIKit.framework; path = System/Library/Frameworks/UIKit.framework; sourceTree = SDKROOT; };
		DAA37CBA19DB80AF00F3707E /* Colorthesia-Info.plist */ = {isa = PBXFileReference; lastKnownFileType = text.plist.xml; path = "Colorthesia-Info.plist"; sourceTree = "<group>"; };
		DAA37CBC19DB80AF00F3707E /* en */ = {isa = PBXFileReference; lastKnownFileType = text.plist.strings; name = en; path = en.lproj/InfoPlist.strings; sourceTree = "<group>"; };
		DAA37CBE19DB80AF00F3707E /* main.m */ = {isa = PBXFileReference; lastKnownFileType = sourcecode.c.objc; path = main.m; sourceTree = "<group>"; };
		DAA37CC019DB80AF00F3707E /* Colorthesia-Prefix.pch */ = {isa = PBXFileReference; lastKnownFileType = sourcecode.c.h; path = "Colorthesia-Prefix.pch"; sourceTree = "<group>"; };
		DAA37CC119DB80AF00F3707E /* BGGAppDelegate.h */ = {isa = PBXFileReference; lastKnownFileType = sourcecode.c.h; path = BGGAppDelegate.h; sourceTree = "<group>"; };
		DAA37CC219DB80AF00F3707E /* BGGAppDelegate.m */ = {isa = PBXFileReference; lastKnownFileType = sourcecode.c.objc; path = BGGAppDelegate.m; sourceTree = "<group>"; };
		DAA37CC519DB80AF00F3707E /* Base */ = {isa = PBXFileReference; lastKnownFileType = file.storyboard; name = Base; path = Base.lproj/Main.storyboard; sourceTree = "<group>"; };
		DAA37CC719DB80AF00F3707E /* BGGViewController.h */ = {isa = PBXFileReference; lastKnownFileType = sourcecode.c.h; path = BGGViewController.h; sourceTree = "<group>"; };
		DAA37CC819DB80AF00F3707E /* BGGViewController.m */ = {isa = PBXFileReference; lastKnownFileType = sourcecode.c.objc; path = BGGViewController.m; sourceTree = "<group>"; };
		DAA37CCA19DB80AF00F3707E /* Images.xcassets */ = {isa = PBXFileReference; lastKnownFileType = folder.assetcatalog; path = Images.xcassets; sourceTree = "<group>"; };
		DAA37CD019DB80AF00F3707E /* ColorthesiaTests.xctest */ = {isa = PBXFileReference; explicitFileType = wrapper.cfbundle; includeInIndex = 0; path = ColorthesiaTests.xctest; sourceTree = BUILT_PRODUCTS_DIR; };
		DAA37CD119DB80AF00F3707E /* XCTest.framework */ = {isa = PBXFileReference; lastKnownFileType = wrapper.framework; name = XCTest.framework; path = Library/Frameworks/XCTest.framework; sourceTree = DEVELOPER_DIR; };
		DAA37CD919DB80AF00F3707E /* ColorthesiaTests-Info.plist */ = {isa = PBXFileReference; lastKnownFileType = text.plist.xml; path = "ColorthesiaTests-Info.plist"; sourceTree = "<group>"; };
		DAA37CDB19DB80AF00F3707E /* en */ = {isa = PBXFileReference; lastKnownFileType = text.plist.strings; name = en; path = en.lproj/InfoPlist.strings; sourceTree = "<group>"; };
		DAA37CDD19DB80AF00F3707E /* ColorthesiaTests.m */ = {isa = PBXFileReference; lastKnownFileType = sourcecode.c.objc; path = ColorthesiaTests.m; sourceTree = "<group>"; };
		DAA37CE719DB81BC00F3707E /* Quicksand-Light.otf */ = {isa = PBXFileReference; lastKnownFileType = file; path = "Quicksand-Light.otf"; sourceTree = "<group>"; };
		DAC97CDC19E19D71000E7330 /* BGGSecondTutorialScreenViewController.h */ = {isa = PBXFileReference; fileEncoding = 4; lastKnownFileType = sourcecode.c.h; path = BGGSecondTutorialScreenViewController.h; sourceTree = "<group>"; };
		DAC97CDD19E19D71000E7330 /* BGGSecondTutorialScreenViewController.m */ = {isa = PBXFileReference; fileEncoding = 4; lastKnownFileType = sourcecode.c.objc; path = BGGSecondTutorialScreenViewController.m; sourceTree = "<group>"; };
		DAC97CE019E1A09D000E7330 /* BGGGamePlayViewController.h */ = {isa = PBXFileReference; fileEncoding = 4; lastKnownFileType = sourcecode.c.h; path = BGGGamePlayViewController.h; sourceTree = "<group>"; };
		DAC97CE119E1A09D000E7330 /* BGGGamePlayViewController.m */ = {isa = PBXFileReference; fileEncoding = 4; lastKnownFileType = sourcecode.c.objc; path = BGGGamePlayViewController.m; sourceTree = "<group>"; };
		DAC97CE419E1CF68000E7330 /* BGGShapeGridViewController.h */ = {isa = PBXFileReference; fileEncoding = 4; lastKnownFileType = sourcecode.c.h; path = BGGShapeGridViewController.h; sourceTree = "<group>"; };
		DAC97CE519E1CF68000E7330 /* BGGShapeGridViewController.m */ = {isa = PBXFileReference; fileEncoding = 4; lastKnownFileType = sourcecode.c.objc; path = BGGShapeGridViewController.m; sourceTree = "<group>"; };
		DAC97CEE19E21901000E7330 /* BGGShapeCollectionViewCell.h */ = {isa = PBXFileReference; fileEncoding = 4; lastKnownFileType = sourcecode.c.h; path = BGGShapeCollectionViewCell.h; sourceTree = "<group>"; };
		DAC97CEF19E21901000E7330 /* BGGShapeCollectionViewCell.m */ = {isa = PBXFileReference; fileEncoding = 4; lastKnownFileType = sourcecode.c.objc; path = BGGShapeCollectionViewCell.m; sourceTree = "<group>"; };
		DAC97CF019E21901000E7330 /* BGGShapeCollectionViewCell.xib */ = {isa = PBXFileReference; fileEncoding = 4; lastKnownFileType = file.xib; path = BGGShapeCollectionViewCell.xib; sourceTree = "<group>"; };
		DACFCDE819E375270047115B /* BGGThirdTutorialScreenViewController.h */ = {isa = PBXFileReference; fileEncoding = 4; lastKnownFileType = sourcecode.c.h; path = BGGThirdTutorialScreenViewController.h; sourceTree = "<group>"; };
		DACFCDE919E375270047115B /* BGGThirdTutorialScreenViewController.m */ = {isa = PBXFileReference; fileEncoding = 4; lastKnownFileType = sourcecode.c.objc; path = BGGThirdTutorialScreenViewController.m; sourceTree = "<group>"; };
		DACFCDEB19E375950047115B /* Quicksand-Bold.otf */ = {isa = PBXFileReference; lastKnownFileType = file; path = "Quicksand-Bold.otf"; sourceTree = "<group>"; };
		DACFCDEE19E431BB0047115B /* BGGApplicationManager.h */ = {isa = PBXFileReference; fileEncoding = 4; lastKnownFileType = sourcecode.c.h; path = BGGApplicationManager.h; sourceTree = "<group>"; };
		DACFCDEF19E431BB0047115B /* BGGApplicationManager.m */ = {isa = PBXFileReference; fileEncoding = 4; lastKnownFileType = sourcecode.c.objc; path = BGGApplicationManager.m; sourceTree = "<group>"; };
		DAD7A70119E60B7000BFE1A9 /* BGGGameBoardViewController.h */ = {isa = PBXFileReference; fileEncoding = 4; lastKnownFileType = sourcecode.c.h; path = BGGGameBoardViewController.h; sourceTree = "<group>"; };
		DAD7A70219E60B7000BFE1A9 /* BGGGameBoardViewController.m */ = {isa = PBXFileReference; fileEncoding = 4; lastKnownFileType = sourcecode.c.objc; path = BGGGameBoardViewController.m; sourceTree = "<group>"; };
		DAD7A70819E6101E00BFE1A9 /* UIColor+Matching.h */ = {isa = PBXFileReference; fileEncoding = 4; lastKnownFileType = sourcecode.c.h; path = "UIColor+Matching.h"; sourceTree = "<group>"; };
		DAD7A70919E6101E00BFE1A9 /* UIColor+Matching.m */ = {isa = PBXFileReference; fileEncoding = 4; lastKnownFileType = sourcecode.c.objc; path = "UIColor+Matching.m"; sourceTree = "<group>"; };
		DAE5FF9F19EA2FEF008212D0 /* BGGFadeSegue.h */ = {isa = PBXFileReference; fileEncoding = 4; lastKnownFileType = sourcecode.c.h; path = BGGFadeSegue.h; sourceTree = "<group>"; };
		DAE5FFA019EA2FEF008212D0 /* BGGFadeSegue.m */ = {isa = PBXFileReference; fileEncoding = 4; lastKnownFileType = sourcecode.c.objc; path = BGGFadeSegue.m; sourceTree = "<group>"; };
/* End PBXFileReference section */

/* Begin PBXFrameworksBuildPhase section */
		DAA37CAC19DB80AF00F3707E /* Frameworks */ = {
			isa = PBXFrameworksBuildPhase;
			buildActionMask = 2147483647;
			files = (
				DA3AE22D1A2C47DA00816EB0 /* iAd.framework in Frameworks */,
				DAA37CB519DB80AF00F3707E /* CoreGraphics.framework in Frameworks */,
				DAA37CB719DB80AF00F3707E /* UIKit.framework in Frameworks */,
				DAA37CB319DB80AF00F3707E /* Foundation.framework in Frameworks */,
			);
			runOnlyForDeploymentPostprocessing = 0;
		};
		DAA37CCD19DB80AF00F3707E /* Frameworks */ = {
			isa = PBXFrameworksBuildPhase;
			buildActionMask = 2147483647;
			files = (
				DAA37CD219DB80AF00F3707E /* XCTest.framework in Frameworks */,
				DAA37CD419DB80AF00F3707E /* UIKit.framework in Frameworks */,
				DAA37CD319DB80AF00F3707E /* Foundation.framework in Frameworks */,
			);
			runOnlyForDeploymentPostprocessing = 0;
		};
/* End PBXFrameworksBuildPhase section */

/* Begin PBXGroup section */
		DA676A1F19DB872F0016C5A0 /* IrregularView */ = {
			isa = PBXGroup;
			children = (
				DA676A2019DB876B0016C5A0 /* IQIrregularView.h */,
				DA676A2119DB876B0016C5A0 /* IQIrregularView.m */,
			);
			name = IrregularView;
			sourceTree = "<group>";
		};
		DA676A2A19DB88240016C5A0 /* Controllers */ = {
			isa = PBXGroup;
			children = (
				DAC97CE319E1CF1B000E7330 /* Shared */,
				DAC97CDF19E1A088000E7330 /* Game */,
				DAC97CDB19E19D58000E7330 /* Tutorial */,
				DAA37CC719DB80AF00F3707E /* BGGViewController.h */,
				DAA37CC819DB80AF00F3707E /* BGGViewController.m */,
			);
			name = Controllers;
			sourceTree = "<group>";
		};
		DA676A2B19DB8B980016C5A0 /* Utilities */ = {
			isa = PBXGroup;
			children = (
				DA676A2C19DB8BCC0016C5A0 /* BGGUtilities.h */,
				DA676A2D19DB8BCC0016C5A0 /* BGGUtilities.m */,
				DA676A2F19DBA78F0016C5A0 /* BGGIrregularButton.h */,
				DA676A3019DBA78F0016C5A0 /* BGGIrregularButton.m */,
				DAD7A70819E6101E00BFE1A9 /* UIColor+Matching.h */,
				DAD7A70919E6101E00BFE1A9 /* UIColor+Matching.m */,
				DAE5FF9F19EA2FEF008212D0 /* BGGFadeSegue.h */,
				DAE5FFA019EA2FEF008212D0 /* BGGFadeSegue.m */,
			);
			name = Utilities;
			sourceTree = "<group>";
		};
		DAA37CA619DB80AF00F3707E = {
			isa = PBXGroup;
			children = (
				DAA37CB819DB80AF00F3707E /* Colorthesia */,
				DAA37CD719DB80AF00F3707E /* ColorthesiaTests */,
				DAA37CB119DB80AF00F3707E /* Frameworks */,
				DAA37CB019DB80AF00F3707E /* Products */,
			);
			sourceTree = "<group>";
		};
		DAA37CB019DB80AF00F3707E /* Products */ = {
			isa = PBXGroup;
			children = (
				DAA37CAF19DB80AF00F3707E /* Colorthesia.app */,
				DAA37CD019DB80AF00F3707E /* ColorthesiaTests.xctest */,
			);
			name = Products;
			sourceTree = "<group>";
		};
		DAA37CB119DB80AF00F3707E /* Frameworks */ = {
			isa = PBXGroup;
			children = (
				DA3AE22C1A2C47DA00816EB0 /* iAd.framework */,
				DAA37CB219DB80AF00F3707E /* Foundation.framework */,
				DAA37CB419DB80AF00F3707E /* CoreGraphics.framework */,
				DAA37CB619DB80AF00F3707E /* UIKit.framework */,
				DAA37CD119DB80AF00F3707E /* XCTest.framework */,
			);
			name = Frameworks;
			sourceTree = "<group>";
		};
		DAA37CB819DB80AF00F3707E /* Colorthesia */ = {
			isa = PBXGroup;
			children = (
				DACFCDED19E431AC0047115B /* Managers */,
				DA676A2B19DB8B980016C5A0 /* Utilities */,
				DA676A2A19DB88240016C5A0 /* Controllers */,
				DA676A1F19DB872F0016C5A0 /* IrregularView */,
				DAA37CC119DB80AF00F3707E /* BGGAppDelegate.h */,
				DAA37CC219DB80AF00F3707E /* BGGAppDelegate.m */,
				DAA37CC419DB80AF00F3707E /* Main.storyboard */,
				DAA37CCA19DB80AF00F3707E /* Images.xcassets */,
				DAA37CB919DB80AF00F3707E /* Supporting Files */,
			);
			path = Colorthesia;
			sourceTree = "<group>";
		};
		DAA37CB919DB80AF00F3707E /* Supporting Files */ = {
			isa = PBXGroup;
			children = (
				DACFCDEB19E375950047115B /* Quicksand-Bold.otf */,
				DAA37CE719DB81BC00F3707E /* Quicksand-Light.otf */,
				DAA37CBA19DB80AF00F3707E /* Colorthesia-Info.plist */,
				DAA37CBB19DB80AF00F3707E /* InfoPlist.strings */,
				DAA37CBE19DB80AF00F3707E /* main.m */,
				DAA37CC019DB80AF00F3707E /* Colorthesia-Prefix.pch */,
				DA8E2FB419E760FA00CA2BF9 /* Settings.bundle */,
			);
			name = "Supporting Files";
			sourceTree = "<group>";
		};
		DAA37CD719DB80AF00F3707E /* ColorthesiaTests */ = {
			isa = PBXGroup;
			children = (
				DAA37CDD19DB80AF00F3707E /* ColorthesiaTests.m */,
				DAA37CD819DB80AF00F3707E /* Supporting Files */,
			);
			path = ColorthesiaTests;
			sourceTree = "<group>";
		};
		DAA37CD819DB80AF00F3707E /* Supporting Files */ = {
			isa = PBXGroup;
			children = (
				DAA37CD919DB80AF00F3707E /* ColorthesiaTests-Info.plist */,
				DAA37CDA19DB80AF00F3707E /* InfoPlist.strings */,
			);
			name = "Supporting Files";
			sourceTree = "<group>";
		};
		DAC97CDB19E19D58000E7330 /* Tutorial */ = {
			isa = PBXGroup;
			children = (
				DA13204A19DD0489009D8425 /* BGGFirstTutorialScreenViewController.h */,
				DA13204B19DD0489009D8425 /* BGGFirstTutorialScreenViewController.m */,
				DAC97CDC19E19D71000E7330 /* BGGSecondTutorialScreenViewController.h */,
				DAC97CDD19E19D71000E7330 /* BGGSecondTutorialScreenViewController.m */,
				DACFCDE819E375270047115B /* BGGThirdTutorialScreenViewController.h */,
				DACFCDE919E375270047115B /* BGGThirdTutorialScreenViewController.m */,
			);
			name = Tutorial;
			sourceTree = "<group>";
		};
		DAC97CDF19E1A088000E7330 /* Game */ = {
			isa = PBXGroup;
			children = (
				DAC97CE019E1A09D000E7330 /* BGGGamePlayViewController.h */,
				DAC97CE119E1A09D000E7330 /* BGGGamePlayViewController.m */,
				DAD7A70119E60B7000BFE1A9 /* BGGGameBoardViewController.h */,
				DAD7A70219E60B7000BFE1A9 /* BGGGameBoardViewController.m */,
			);
			name = Game;
			sourceTree = "<group>";
		};
		DAC97CE319E1CF1B000E7330 /* Shared */ = {
			isa = PBXGroup;
			children = (
				DAC97CE419E1CF68000E7330 /* BGGShapeGridViewController.h */,
				DAC97CE519E1CF68000E7330 /* BGGShapeGridViewController.m */,
				DAC97CEE19E21901000E7330 /* BGGShapeCollectionViewCell.h */,
				DAC97CEF19E21901000E7330 /* BGGShapeCollectionViewCell.m */,
				DAC97CF019E21901000E7330 /* BGGShapeCollectionViewCell.xib */,
			);
			name = Shared;
			sourceTree = "<group>";
		};
		DACFCDED19E431AC0047115B /* Managers */ = {
			isa = PBXGroup;
			children = (
				DACFCDEE19E431BB0047115B /* BGGApplicationManager.h */,
				DACFCDEF19E431BB0047115B /* BGGApplicationManager.m */,
			);
			name = Managers;
			sourceTree = "<group>";
		};
/* End PBXGroup section */

/* Begin PBXNativeTarget section */
		DAA37CAE19DB80AF00F3707E /* Colorthesia */ = {
			isa = PBXNativeTarget;
			buildConfigurationList = DAA37CE119DB80AF00F3707E /* Build configuration list for PBXNativeTarget "Colorthesia" */;
			buildPhases = (
				DAA37CAB19DB80AF00F3707E /* Sources */,
				DAA37CAC19DB80AF00F3707E /* Frameworks */,
				DAA37CAD19DB80AF00F3707E /* Resources */,
			);
			buildRules = (
			);
			dependencies = (
			);
			name = Colorthesia;
			productName = Colorthesia;
			productReference = DAA37CAF19DB80AF00F3707E /* Colorthesia.app */;
			productType = "com.apple.product-type.application";
		};
		DAA37CCF19DB80AF00F3707E /* ColorthesiaTests */ = {
			isa = PBXNativeTarget;
			buildConfigurationList = DAA37CE419DB80AF00F3707E /* Build configuration list for PBXNativeTarget "ColorthesiaTests" */;
			buildPhases = (
				DAA37CCC19DB80AF00F3707E /* Sources */,
				DAA37CCD19DB80AF00F3707E /* Frameworks */,
				DAA37CCE19DB80AF00F3707E /* Resources */,
			);
			buildRules = (
			);
			dependencies = (
				DAA37CD619DB80AF00F3707E /* PBXTargetDependency */,
			);
			name = ColorthesiaTests;
			productName = ColorthesiaTests;
			productReference = DAA37CD019DB80AF00F3707E /* ColorthesiaTests.xctest */;
			productType = "com.apple.product-type.bundle.unit-test";
		};
/* End PBXNativeTarget section */

/* Begin PBXProject section */
		DAA37CA719DB80AF00F3707E /* Project object */ = {
			isa = PBXProject;
			attributes = {
				CLASSPREFIX = BGG;
				LastUpgradeCheck = 0510;
				ORGANIZATIONNAME = "Big Gorilla Games";
				TargetAttributes = {
					DAA37CCF19DB80AF00F3707E = {
						TestTargetID = DAA37CAE19DB80AF00F3707E;
					};
				};
			};
			buildConfigurationList = DAA37CAA19DB80AF00F3707E /* Build configuration list for PBXProject "Colorthesia" */;
			compatibilityVersion = "Xcode 3.2";
			developmentRegion = English;
			hasScannedForEncodings = 0;
			knownRegions = (
				en,
				Base,
			);
			mainGroup = DAA37CA619DB80AF00F3707E;
			productRefGroup = DAA37CB019DB80AF00F3707E /* Products */;
			projectDirPath = "";
			projectRoot = "";
			targets = (
				DAA37CAE19DB80AF00F3707E /* Colorthesia */,
				DAA37CCF19DB80AF00F3707E /* ColorthesiaTests */,
			);
		};
/* End PBXProject section */

/* Begin PBXResourcesBuildPhase section */
		DAA37CAD19DB80AF00F3707E /* Resources */ = {
			isa = PBXResourcesBuildPhase;
			buildActionMask = 2147483647;
			files = (
				DACFCDEC19E375950047115B /* Quicksand-Bold.otf in Resources */,
				DAA37CCB19DB80AF00F3707E /* Images.xcassets in Resources */,
				DAA37CBD19DB80AF00F3707E /* InfoPlist.strings in Resources */,
				DAC97CF219E21901000E7330 /* BGGShapeCollectionViewCell.xib in Resources */,
				DAA37CE819DB81BC00F3707E /* Quicksand-Light.otf in Resources */,
				DAA37CC619DB80AF00F3707E /* Main.storyboard in Resources */,
				DA8E2FB519E760FA00CA2BF9 /* Settings.bundle in Resources */,
			);
			runOnlyForDeploymentPostprocessing = 0;
		};
		DAA37CCE19DB80AF00F3707E /* Resources */ = {
			isa = PBXResourcesBuildPhase;
			buildActionMask = 2147483647;
			files = (
				DAA37CDC19DB80AF00F3707E /* InfoPlist.strings in Resources */,
			);
			runOnlyForDeploymentPostprocessing = 0;
		};
/* End PBXResourcesBuildPhase section */

/* Begin PBXSourcesBuildPhase section */
		DAA37CAB19DB80AF00F3707E /* Sources */ = {
			isa = PBXSourcesBuildPhase;
			buildActionMask = 2147483647;
			files = (
				DAD7A70A19E6101E00BFE1A9 /* UIColor+Matching.m in Sources */,
				DAA37CBF19DB80AF00F3707E /* main.m in Sources */,
				DAE5FFA119EA2FEF008212D0 /* BGGFadeSegue.m in Sources */,
				DA13204C19DD0489009D8425 /* BGGFirstTutorialScreenViewController.m in Sources */,
				DAA37CC919DB80AF00F3707E /* BGGViewController.m in Sources */,
				DACFCDF019E431BB0047115B /* BGGApplicationManager.m in Sources */,
				DA676A2E19DB8BCC0016C5A0 /* BGGUtilities.m in Sources */,
				DA676A3119DBA78F0016C5A0 /* BGGIrregularButton.m in Sources */,
				DAC97CE719E1CF68000E7330 /* BGGShapeGridViewController.m in Sources */,
				DAC97CF119E21901000E7330 /* BGGShapeCollectionViewCell.m in Sources */,
				DA676A2219DB876B0016C5A0 /* IQIrregularView.m in Sources */,
				DAD7A70319E60B7000BFE1A9 /* BGGGameBoardViewController.m in Sources */,
				DAC97CE219E1A09D000E7330 /* BGGGamePlayViewController.m in Sources */,
				DAC97CDE19E19D71000E7330 /* BGGSecondTutorialScreenViewController.m in Sources */,
				DAA37CC319DB80AF00F3707E /* BGGAppDelegate.m in Sources */,
				DACFCDEA19E375270047115B /* BGGThirdTutorialScreenViewController.m in Sources */,
			);
			runOnlyForDeploymentPostprocessing = 0;
		};
		DAA37CCC19DB80AF00F3707E /* Sources */ = {
			isa = PBXSourcesBuildPhase;
			buildActionMask = 2147483647;
			files = (
				DAA37CDE19DB80AF00F3707E /* ColorthesiaTests.m in Sources */,
			);
			runOnlyForDeploymentPostprocessing = 0;
		};
/* End PBXSourcesBuildPhase section */

/* Begin PBXTargetDependency section */
		DAA37CD619DB80AF00F3707E /* PBXTargetDependency */ = {
			isa = PBXTargetDependency;
			target = DAA37CAE19DB80AF00F3707E /* Colorthesia */;
			targetProxy = DAA37CD519DB80AF00F3707E /* PBXContainerItemProxy */;
		};
/* End PBXTargetDependency section */

/* Begin PBXVariantGroup section */
		DAA37CBB19DB80AF00F3707E /* InfoPlist.strings */ = {
			isa = PBXVariantGroup;
			children = (
				DAA37CBC19DB80AF00F3707E /* en */,
			);
			name = InfoPlist.strings;
			sourceTree = "<group>";
		};
		DAA37CC419DB80AF00F3707E /* Main.storyboard */ = {
			isa = PBXVariantGroup;
			children = (
				DAA37CC519DB80AF00F3707E /* Base */,
			);
			name = Main.storyboard;
			sourceTree = "<group>";
		};
		DAA37CDA19DB80AF00F3707E /* InfoPlist.strings */ = {
			isa = PBXVariantGroup;
			children = (
				DAA37CDB19DB80AF00F3707E /* en */,
			);
			name = InfoPlist.strings;
			sourceTree = "<group>";
		};
/* End PBXVariantGroup section */

/* Begin XCBuildConfiguration section */
		DAA37CDF19DB80AF00F3707E /* Debug */ = {
			isa = XCBuildConfiguration;
			buildSettings = {
				ALWAYS_SEARCH_USER_PATHS = NO;
				CLANG_CXX_LANGUAGE_STANDARD = "gnu++0x";
				CLANG_CXX_LIBRARY = "libc++";
				CLANG_ENABLE_MODULES = YES;
				CLANG_ENABLE_OBJC_ARC = YES;
				CLANG_WARN_BOOL_CONVERSION = YES;
				CLANG_WARN_CONSTANT_CONVERSION = YES;
				CLANG_WARN_DIRECT_OBJC_ISA_USAGE = YES_ERROR;
				CLANG_WARN_EMPTY_BODY = YES;
				CLANG_WARN_ENUM_CONVERSION = YES;
				CLANG_WARN_INT_CONVERSION = YES;
				CLANG_WARN_OBJC_ROOT_CLASS = YES_ERROR;
				CLANG_WARN__DUPLICATE_METHOD_MATCH = YES;
				"CODE_SIGN_IDENTITY[sdk=iphoneos*]" = "iPhone Developer";
				COPY_PHASE_STRIP = NO;
				GCC_C_LANGUAGE_STANDARD = gnu99;
				GCC_DYNAMIC_NO_PIC = NO;
				GCC_OPTIMIZATION_LEVEL = 0;
				GCC_PREPROCESSOR_DEFINITIONS = (
					"DEBUG=1",
					"$(inherited)",
				);
				GCC_SYMBOLS_PRIVATE_EXTERN = NO;
				GCC_WARN_64_TO_32_BIT_CONVERSION = YES;
				GCC_WARN_ABOUT_RETURN_TYPE = YES_ERROR;
				GCC_WARN_UNDECLARED_SELECTOR = YES;
				GCC_WARN_UNINITIALIZED_AUTOS = YES_AGGRESSIVE;
				GCC_WARN_UNUSED_FUNCTION = YES;
				GCC_WARN_UNUSED_VARIABLE = YES;
				IPHONEOS_DEPLOYMENT_TARGET = 7.1;
				ONLY_ACTIVE_ARCH = YES;
				SDKROOT = iphoneos;
			};
			name = Debug;
		};
		DAA37CE019DB80AF00F3707E /* Release */ = {
			isa = XCBuildConfiguration;
			buildSettings = {
				ALWAYS_SEARCH_USER_PATHS = NO;
				CLANG_CXX_LANGUAGE_STANDARD = "gnu++0x";
				CLANG_CXX_LIBRARY = "libc++";
				CLANG_ENABLE_MODULES = YES;
				CLANG_ENABLE_OBJC_ARC = YES;
				CLANG_WARN_BOOL_CONVERSION = YES;
				CLANG_WARN_CONSTANT_CONVERSION = YES;
				CLANG_WARN_DIRECT_OBJC_ISA_USAGE = YES_ERROR;
				CLANG_WARN_EMPTY_BODY = YES;
				CLANG_WARN_ENUM_CONVERSION = YES;
				CLANG_WARN_INT_CONVERSION = YES;
				CLANG_WARN_OBJC_ROOT_CLASS = YES_ERROR;
				CLANG_WARN__DUPLICATE_METHOD_MATCH = YES;
				"CODE_SIGN_IDENTITY[sdk=iphoneos*]" = "iPhone Developer";
				COPY_PHASE_STRIP = YES;
				ENABLE_NS_ASSERTIONS = NO;
				GCC_C_LANGUAGE_STANDARD = gnu99;
				GCC_WARN_64_TO_32_BIT_CONVERSION = YES;
				GCC_WARN_ABOUT_RETURN_TYPE = YES_ERROR;
				GCC_WARN_UNDECLARED_SELECTOR = YES;
				GCC_WARN_UNINITIALIZED_AUTOS = YES_AGGRESSIVE;
				GCC_WARN_UNUSED_FUNCTION = YES;
				GCC_WARN_UNUSED_VARIABLE = YES;
				IPHONEOS_DEPLOYMENT_TARGET = 7.1;
				SDKROOT = iphoneos;
				VALIDATE_PRODUCT = YES;
			};
			name = Release;
		};
		DAA37CE219DB80AF00F3707E /* Debug */ = {
			isa = XCBuildConfiguration;
			buildSettings = {
				ASSETCATALOG_COMPILER_APPICON_NAME = AppIcon;
				ASSETCATALOG_COMPILER_LAUNCHIMAGE_NAME = LaunchImage;
				GCC_PRECOMPILE_PREFIX_HEADER = YES;
				GCC_PREFIX_HEADER = "Colorthesia/Colorthesia-Prefix.pch";
				INFOPLIST_FILE = "Colorthesia/Colorthesia-Info.plist";
				IPHONEOS_DEPLOYMENT_TARGET = 7.0;
				PRODUCT_NAME = "$(TARGET_NAME)";
				PROVISIONING_PROFILE = "1ef57abc-f2f9-4d44-ba55-18166395d7b7";
				WRAPPER_EXTENSION = app;
			};
			name = Debug;
		};
		DAA37CE319DB80AF00F3707E /* Release */ = {
			isa = XCBuildConfiguration;
			buildSettings = {
				ASSETCATALOG_COMPILER_APPICON_NAME = AppIcon;
				ASSETCATALOG_COMPILER_LAUNCHIMAGE_NAME = LaunchImage;
				"CODE_SIGN_IDENTITY[sdk=iphoneos*]" = "iPhone Distribution: Daniel Nanni (TGMLW25DS9)";
				GCC_PRECOMPILE_PREFIX_HEADER = YES;
				GCC_PREFIX_HEADER = "Colorthesia/Colorthesia-Prefix.pch";
				INFOPLIST_FILE = "Colorthesia/Colorthesia-Info.plist";
				IPHONEOS_DEPLOYMENT_TARGET = 7.0;
				PRODUCT_NAME = "$(TARGET_NAME)";
				PROVISIONING_PROFILE = "1ef57abc-f2f9-4d44-ba55-18166395d7b7";
				WRAPPER_EXTENSION = app;
			};
			name = Release;
		};
		DAA37CE519DB80AF00F3707E /* Debug */ = {
			isa = XCBuildConfiguration;
			buildSettings = {
				BUNDLE_LOADER = "$(BUILT_PRODUCTS_DIR)/Colorthesia.app/Colorthesia";
				FRAMEWORK_SEARCH_PATHS = (
					"$(SDKROOT)/Developer/Library/Frameworks",
					"$(inherited)",
					"$(DEVELOPER_FRAMEWORKS_DIR)",
				);
				GCC_PRECOMPILE_PREFIX_HEADER = YES;
				GCC_PREFIX_HEADER = "Colorthesia/Colorthesia-Prefix.pch";
				GCC_PREPROCESSOR_DEFINITIONS = (
					"DEBUG=1",
					"$(inherited)",
				);
				INFOPLIST_FILE = "ColorthesiaTests/ColorthesiaTests-Info.plist";
				PRODUCT_NAME = "$(TARGET_NAME)";
				TEST_HOST = "$(BUNDLE_LOADER)";
				WRAPPER_EXTENSION = xctest;
			};
			name = Debug;
		};
		DAA37CE619DB80AF00F3707E /* Release */ = {
			isa = XCBuildConfiguration;
			buildSettings = {
				BUNDLE_LOADER = "$(BUILT_PRODUCTS_DIR)/Colorthesia.app/Colorthesia";
				FRAMEWORK_SEARCH_PATHS = (
					"$(SDKROOT)/Developer/Library/Frameworks",
					"$(inherited)",
					"$(DEVELOPER_FRAMEWORKS_DIR)",
				);
				GCC_PRECOMPILE_PREFIX_HEADER = YES;
				GCC_PREFIX_HEADER = "Colorthesia/Colorthesia-Prefix.pch";
				INFOPLIST_FILE = "ColorthesiaTests/ColorthesiaTests-Info.plist";
				PRODUCT_NAME = "$(TARGET_NAME)";
				TEST_HOST = "$(BUNDLE_LOADER)";
				WRAPPER_EXTENSION = xctest;
			};
			name = Release;
		};
/* End XCBuildConfiguration section */

/* Begin XCConfigurationList section */
		DAA37CAA19DB80AF00F3707E /* Build configuration list for PBXProject "Colorthesia" */ = {
			isa = XCConfigurationList;
			buildConfigurations = (
				DAA37CDF19DB80AF00F3707E /* Debug */,
				DAA37CE019DB80AF00F3707E /* Release */,
			);
			defaultConfigurationIsVisible = 0;
			defaultConfigurationName = Release;
		};
		DAA37CE119DB80AF00F3707E /* Build configuration list for PBXNativeTarget "Colorthesia" */ = {
			isa = XCConfigurationList;
			buildConfigurations = (
				DAA37CE219DB80AF00F3707E /* Debug */,
				DAA37CE319DB80AF00F3707E /* Release */,
			);
			defaultConfigurationIsVisible = 0;
			defaultConfigurationName = Release;
		};
		DAA37CE419DB80AF00F3707E /* Build configuration list for PBXNativeTarget "ColorthesiaTests" */ = {
			isa = XCConfigurationList;
			buildConfigurations = (
				DAA37CE519DB80AF00F3707E /* Debug */,
				DAA37CE619DB80AF00F3707E /* Release */,
			);
			defaultConfigurationIsVisible = 0;
			defaultConfigurationName = Release;
		};
/* End XCConfigurationList section */
	};
	rootObject = DAA37CA719DB80AF00F3707E /* Project object */;
}
